
Microsoft Visual Studio Solution File, Format Version 12.00
# Visual Studio Version 17
VisualStudioVersion = 17.11.35222.181
MinimumVisualStudioVersion = 10.0.40219.1
Project("{FAE04EC0-301F-11D3-BF4B-00C04F79EFBC}") = "Employee_Management_System", "Employee_Management_System\Employee_Management_System.csproj", "{B63DCF3A-6575-4043-9EA8-6FB878469F7C}"
EndProject
Global
	GlobalSection(SolutionConfigurationPlatforms) = preSolution
		Debug|Any CPU = Debug|Any CPU
		Release|Any CPU = Release|Any CPU
	EndGlobalSection
	GlobalSection(ProjectConfigurationPlatforms) = postSolution
		{B63DCF3A-6575-4043-9EA8-6FB878469F7C}.Debug|Any CPU.ActiveCfg = Debug|Any CPU
		{B63DCF3A-6575-4043-9EA8-6FB878469F7C}.Debug|Any CPU.Build.0 = Debug|Any CPU
		{B63DCF3A-6575-4043-9EA8-6FB878469F7C}.Release|Any CPU.ActiveCfg = Release|Any CPU
		{B63DCF3A-6575-4043-9EA8-6FB878469F7C}.Release|Any CPU.Build.0 = Release|Any CPU
	EndGlobalSection
	GlobalSection(SolutionProperties) = preSolution
		HideSolutionNode = FALSE
	EndGlobalSection
	GlobalSection(ExtensibilityGlobals) = postSolution
		SolutionGuid = {227BB61A-8315-410C-9EC2-942A869C2F09}
	EndGlobalSection
EndGlobal
